// !$*UTF8*$!
{
	archiveVersion = 1;
	classes = {
	};
	objectVersion = 56;
	objects = {

/* Begin PBXBuildFile section */
		4B54E12329DC073A00057675 /* AppDelegate.swift in Sources */ = {isa = PBXBuildFile; fileRef = 4B54E12229DC073A00057675 /* AppDelegate.swift */; };
		4B54E12529DC073B00057675 /* SceneDelegate.swift in Sources */ = {isa = PBXBuildFile; fileRef = 4B54E12429DC073B00057675 /* SceneDelegate.swift */; };
		4B54E12729DC073B00057675 /* ViewController.swift in Sources */ = {isa = PBXBuildFile; fileRef = 4B54E12629DC073B00057675 /* ViewController.swift */; };
		4B54E12A29DC073B00057675 /* Main.storyboard in Resources */ = {isa = PBXBuildFile; fileRef = 4B54E12829DC073B00057675 /* Main.storyboard */; };
		4B54E12C29DC073C00057675 /* Assets.xcassets in Resources */ = {isa = PBXBuildFile; fileRef = 4B54E12B29DC073C00057675 /* Assets.xcassets */; };
		4B54E12F29DC073C00057675 /* LaunchScreen.storyboard in Resources */ = {isa = PBXBuildFile; fileRef = 4B54E12D29DC073C00057675 /* LaunchScreen.storyboard */; };
		4B54E14F29DC097500057675 /* MainPageViewController.swift in Sources */ = {isa = PBXBuildFile; fileRef = 4B54E14E29DC097500057675 /* MainPageViewController.swift */; };
		4B54E15129DC098600057675 /* LoginViewController.swift in Sources */ = {isa = PBXBuildFile; fileRef = 4B54E15029DC098600057675 /* LoginViewController.swift */; };
		4B54E15329DC09A000057675 /* RegistrationViewController.swift in Sources */ = {isa = PBXBuildFile; fileRef = 4B54E15229DC09A000057675 /* RegistrationViewController.swift */; };
		4B54E15529DC09B900057675 /* ResetPasswordViewController.swift in Sources */ = {isa = PBXBuildFile; fileRef = 4B54E15429DC09B900057675 /* ResetPasswordViewController.swift */; };
		4B54E15729DC09D500057675 /* HomePageViewController.swift in Sources */ = {isa = PBXBuildFile; fileRef = 4B54E15629DC09D500057675 /* HomePageViewController.swift */; };
		4B54E15B29DC0A1300057675 /* WithdrawViewController.swift in Sources */ = {isa = PBXBuildFile; fileRef = 4B54E15A29DC0A1300057675 /* WithdrawViewController.swift */; };
		4B54E15F29DC0A6C00057675 /* DepositViewController.swift in Sources */ = {isa = PBXBuildFile; fileRef = 4B54E15E29DC0A6C00057675 /* DepositViewController.swift */; };
		4B54E16129DC0A7F00057675 /* TransactionChartViewController.swift in Sources */ = {isa = PBXBuildFile; fileRef = 4B54E16029DC0A7F00057675 /* TransactionChartViewController.swift */; };
		4B54E16329DC0B1600057675 /* OnbordingViewController.swift in Sources */ = {isa = PBXBuildFile; fileRef = 4B54E16229DC0B1600057675 /* OnbordingViewController.swift */; };
		4B54E18329DD379B00057675 /* textWidget.swift in Sources */ = {isa = PBXBuildFile; fileRef = 4B54E18229DD379B00057675 /* textWidget.swift */; };
		4B54E18629DD54F800057675 /* APIURL.swift in Sources */ = {isa = PBXBuildFile; fileRef = 4B54E18529DD54F800057675 /* APIURL.swift */; };
		4B54E18829DD567500057675 /* UserRegistrationModule.swift in Sources */ = {isa = PBXBuildFile; fileRef = 4B54E18729DD567500057675 /* UserRegistrationModule.swift */; };
		4B54E18D29DD8ECA00057675 /* NetworkViewController.swift in Sources */ = {isa = PBXBuildFile; fileRef = 4B54E18C29DD8ECA00057675 /* NetworkViewController.swift */; };
		4B54E18F29DD91CC00057675 /* sad.gif in Resources */ = {isa = PBXBuildFile; fileRef = 4B54E18E29DD91CC00057675 /* sad.gif */; };
		4B54E19129DD9C2200057675 /* gitGIF.swift in Sources */ = {isa = PBXBuildFile; fileRef = 4B54E19029DD9C2200057675 /* gitGIF.swift */; };
		4B605E1F29E18BE700DF4AE9 /* withdrawTableViewCell.swift in Sources */ = {isa = PBXBuildFile; fileRef = 4B605E1D29E18BE700DF4AE9 /* withdrawTableViewCell.swift */; };
		4B605E2029E18BE700DF4AE9 /* withdrawTableViewCell.xib in Resources */ = {isa = PBXBuildFile; fileRef = 4B605E1E29E18BE700DF4AE9 /* withdrawTableViewCell.xib */; };
		4B605E2229E1955A00DF4AE9 /* withdrawModel.swift in Sources */ = {isa = PBXBuildFile; fileRef = 4B605E2129E1955A00DF4AE9 /* withdrawModel.swift */; };
		4B837F6D29E2A7420081C22D /* UIEtensions.swift in Sources */ = {isa = PBXBuildFile; fileRef = 4B837F6C29E2A7420081C22D /* UIEtensions.swift */; };
		4B837F7229E2B6EF0081C22D /* MenuViewCell.swift in Sources */ = {isa = PBXBuildFile; fileRef = 4B837F7029E2B6EF0081C22D /* MenuViewCell.swift */; };
		4B837F7329E2B6EF0081C22D /* MenuViewCell.xib in Resources */ = {isa = PBXBuildFile; fileRef = 4B837F7129E2B6EF0081C22D /* MenuViewCell.xib */; };
		4B837F7529E2BA2C0081C22D /* MenuViewController.swift in Sources */ = {isa = PBXBuildFile; fileRef = 4B837F7429E2BA2C0081C22D /* MenuViewController.swift */; };
		4B837F7729E331DE0081C22D /* OnboardingCollectionViewCell.swift in Sources */ = {isa = PBXBuildFile; fileRef = 4B837F7629E331DE0081C22D /* OnboardingCollectionViewCell.swift */; };
		4B837F8829E3FC360081C22D /* DepositTableViewCell.swift in Sources */ = {isa = PBXBuildFile; fileRef = 4B837F8629E3FC360081C22D /* DepositTableViewCell.swift */; };
		4B837F8929E3FC360081C22D /* DepositTableViewCell.xib in Resources */ = {isa = PBXBuildFile; fileRef = 4B837F8729E3FC360081C22D /* DepositTableViewCell.xib */; };
		4B837F8B29E419920081C22D /* RecievedController.swift in Sources */ = {isa = PBXBuildFile; fileRef = 4B837F8A29E419920081C22D /* RecievedController.swift */; };
		4B837F8E29E41D860081C22D /* RecievedListViewCell.swift in Sources */ = {isa = PBXBuildFile; fileRef = 4B837F8C29E41D860081C22D /* RecievedListViewCell.swift */; };
		4B837F8F29E41D860081C22D /* RecievedListViewCell.xib in Resources */ = {isa = PBXBuildFile; fileRef = 4B837F8D29E41D860081C22D /* RecievedListViewCell.xib */; };
		4B987C4329E1D63F000C3C00 /* SentViewCell.swift in Sources */ = {isa = PBXBuildFile; fileRef = 4B987C4129E1D63F000C3C00 /* SentViewCell.swift */; };
		4B987C4429E1D63F000C3C00 /* SentViewCell.xib in Resources */ = {isa = PBXBuildFile; fileRef = 4B987C4229E1D63F000C3C00 /* SentViewCell.xib */; };
		4B987C4629E1E323000C3C00 /* SendViewController.swift in Sources */ = {isa = PBXBuildFile; fileRef = 4B987C4529E1E323000C3C00 /* SendViewController.swift */; };
		4B987C4829E1F7FC000C3C00 /* SendingViewController.swift in Sources */ = {isa = PBXBuildFile; fileRef = 4B987C4729E1F7FC000C3C00 /* SendingViewController.swift */; };
		4B9BEEFA29E0024900D81CC8 /* APIMANAGERS.swift in Sources */ = {isa = PBXBuildFile; fileRef = 4B9BEEF929E0024900D81CC8 /* APIMANAGERS.swift */; };
		4B9BEEFC29E0056500D81CC8 /* Constant.swift in Sources */ = {isa = PBXBuildFile; fileRef = 4B9BEEFB29E0056500D81CC8 /* Constant.swift */; };
		4B9BEEFE29E00DED00D81CC8 /* Transaction.swift in Sources */ = {isa = PBXBuildFile; fileRef = 4B9BEEFD29E00DED00D81CC8 /* Transaction.swift */; };
		4BB157EB29F43CBD0063AE6A /* HomeViewController.swift in Sources */ = {isa = PBXBuildFile; fileRef = 4BB157EA29F43CBD0063AE6A /* HomeViewController.swift */; };
		4BC7495829E4AA4700A597DE /* BankDepositViewController.swift in Sources */ = {isa = PBXBuildFile; fileRef = 4BC7495729E4AA4700A597DE /* BankDepositViewController.swift */; };
		4BC7495A29E4AA6600A597DE /* MTransactionSendViewController.swift in Sources */ = {isa = PBXBuildFile; fileRef = 4BC7495929E4AA6600A597DE /* MTransactionSendViewController.swift */; };
		4BC7495C29E4AA8500A597DE /* MpesaDepositViewController.swift in Sources */ = {isa = PBXBuildFile; fileRef = 4BC7495B29E4AA8500A597DE /* MpesaDepositViewController.swift */; };
		4BC7495E29E4AAA000A597DE /* BankSentViewController.swift in Sources */ = {isa = PBXBuildFile; fileRef = 4BC7495D29E4AAA000A597DE /* BankSentViewController.swift */; };
		4BC7496429E5222300A597DE /* IncomeChartViewCell.swift in Sources */ = {isa = PBXBuildFile; fileRef = 4BC7496229E5222300A597DE /* IncomeChartViewCell.swift */; };
		4BC7496529E5222300A597DE /* IncomeChartViewCell.xib in Resources */ = {isa = PBXBuildFile; fileRef = 4BC7496329E5222300A597DE /* IncomeChartViewCell.xib */; };
		4BC7496A29E56F5800A597DE /* LZViewPager.swift in Sources */ = {isa = PBXBuildFile; fileRef = 4BC7496929E56F5800A597DE /* LZViewPager.swift */; };
		4BC7496C29E56F7E00A597DE /* LZViewPagerContent.swift in Sources */ = {isa = PBXBuildFile; fileRef = 4BC7496B29E56F7E00A597DE /* LZViewPagerContent.swift */; };
		4BC7496E29E5703900A597DE /* LZViewPagerHeader.swift in Sources */ = {isa = PBXBuildFile; fileRef = 4BC7496D29E5703900A597DE /* LZViewPagerHeader.swift */; };
		4BC7499529E57E6800A597DE /* Reachability in Frameworks */ = {isa = PBXBuildFile; productRef = 4BC7499429E57E6800A597DE /* Reachability */; };
		4BC7499829E57E7500A597DE /* Charts in Frameworks */ = {isa = PBXBuildFile; productRef = 4BC7499729E57E7500A597DE /* Charts */; };
		4BC7499B29E57E8100A597DE /* IQKeyboardManagerSwift in Frameworks */ = {isa = PBXBuildFile; productRef = 4BC7499A29E57E8100A597DE /* IQKeyboardManagerSwift */; };
		4BC7499E29E57EA700A597DE /* SnapKit in Frameworks */ = {isa = PBXBuildFile; productRef = 4BC7499D29E57EA700A597DE /* SnapKit */; };
		4BC749A129E57ED900A597DE /* AAInfographics in Frameworks */ = {isa = PBXBuildFile; productRef = 4BC749A029E57ED800A597DE /* AAInfographics */; settings = {ATTRIBUTES = (Required, ); }; };
		4BC749A429E5815400A597DE /* Parchment in Frameworks */ = {isa = PBXBuildFile; productRef = 4BC749A329E5815400A597DE /* Parchment */; };
		4BC749A729E598B600A597DE /* JSFunctionForAAAxisVC.swift in Sources */ = {isa = PBXBuildFile; fileRef = 4BC749A629E598B600A597DE /* JSFunctionForAAAxisVC.swift */; };
		4BC749AA29E67E0E00A597DE /* MBProgressHUD in Frameworks */ = {isa = PBXBuildFile; productRef = 4BC749A929E67E0E00A597DE /* MBProgressHUD */; };
		4BC749AE29E6DA8700A597DE /* imageBorad1.gif in Resources */ = {isa = PBXBuildFile; fileRef = 4BC749AD29E6DA8600A597DE /* imageBorad1.gif */; };
		4BC749B029E6EAB900A597DE /* secure.gif in Resources */ = {isa = PBXBuildFile; fileRef = 4BC749AF29E6EAB900A597DE /* secure.gif */; };
		4BE286CA29E04839000D49A2 /* EndPonts.swift in Sources */ = {isa = PBXBuildFile; fileRef = 4BE286C929E04839000D49A2 /* EndPonts.swift */; };
		4BE286CC29E04914000D49A2 /* UserEndpoint.swift in Sources */ = {isa = PBXBuildFile; fileRef = 4BE286CB29E04914000D49A2 /* UserEndpoint.swift */; };
		4BE286CE29E05067000D49A2 /* UserModel.swift in Sources */ = {isa = PBXBuildFile; fileRef = 4BE286CD29E05067000D49A2 /* UserModel.swift */; };
		4BE286D329E0524B000D49A2 /* TransactionTableViewCell.swift in Sources */ = {isa = PBXBuildFile; fileRef = 4BE286D129E0524B000D49A2 /* TransactionTableViewCell.swift */; };
		4BE286D429E0524B000D49A2 /* TransactionTableViewCell.xib in Resources */ = {isa = PBXBuildFile; fileRef = 4BE286D229E0524B000D49A2 /* TransactionTableViewCell.xib */; };
		4BE286D629E05290000D49A2 /* TransactionsViewController.swift in Sources */ = {isa = PBXBuildFile; fileRef = 4BE286D529E05290000D49A2 /* TransactionsViewController.swift */; };
		4BE286E529E08E13000D49A2 /* IncomeTableViewCell.swift in Sources */ = {isa = PBXBuildFile; fileRef = 4BE286E329E08E13000D49A2 /* IncomeTableViewCell.swift */; };
		4BE286E629E08E13000D49A2 /* IncomeTableViewCell.xib in Resources */ = {isa = PBXBuildFile; fileRef = 4BE286E429E08E13000D49A2 /* IncomeTableViewCell.xib */; };
		4BE286E729E13250000D49A2 /* Charts.framework in Frameworks */ = {isa = PBXBuildFile; fileRef = 4BE286E129E08A13000D49A2 /* Charts.framework */; };
		4BE286EA29E151B3000D49A2 /* addWithdrawViewController.swift in Sources */ = {isa = PBXBuildFile; fileRef = 4BE286E929E151B3000D49A2 /* addWithdrawViewController.swift */; };
		4BF0BBE429F53AF300AC902A /* MtransferMenuViewController.swift in Sources */ = {isa = PBXBuildFile; fileRef = 4BF0BBE329F53AF300AC902A /* MtransferMenuViewController.swift */; };
		4BF0BBE729F53C2F00AC902A /* MtransferTableViewCell.swift in Sources */ = {isa = PBXBuildFile; fileRef = 4BF0BBE529F53C2F00AC902A /* MtransferTableViewCell.swift */; };
		4BF0BBE829F53C2F00AC902A /* MtransferTableViewCell.xib in Resources */ = {isa = PBXBuildFile; fileRef = 4BF0BBE629F53C2F00AC902A /* MtransferTableViewCell.xib */; };
		4BF0BBF329F5533A00AC902A /* TableViewController.swift in Sources */ = {isa = PBXBuildFile; fileRef = 4BF0BBF229F5533A00AC902A /* TableViewController.swift */; };
		4BF0BBF629F55D6900AC902A /* TransferingViewController.swift in Sources */ = {isa = PBXBuildFile; fileRef = 4BF0BBF529F55D6900AC902A /* TransferingViewController.swift */; };
		4BF0BBF829F55D7900AC902A /* TillPaymentViewController.swift in Sources */ = {isa = PBXBuildFile; fileRef = 4BF0BBF729F55D7900AC902A /* TillPaymentViewController.swift */; };
		4BF0BBFA29F55D8D00AC902A /* PaybillViewController.swift in Sources */ = {isa = PBXBuildFile; fileRef = 4BF0BBF929F55D8D00AC902A /* PaybillViewController.swift */; };
		4BF0BBFC29F55D9C00AC902A /* BankViewController.swift in Sources */ = {isa = PBXBuildFile; fileRef = 4BF0BBFB29F55D9C00AC902A /* BankViewController.swift */; };
/* End PBXBuildFile section */

/* Begin PBXFileReference section */
		4B54E12229DC073A00057675 /* AppDelegate.swift */ = {isa = PBXFileReference; lastKnownFileType = sourcecode.swift; path = AppDelegate.swift; sourceTree = "<group>"; };
		4B54E12429DC073B00057675 /* SceneDelegate.swift */ = {isa = PBXFileReference; lastKnownFileType = sourcecode.swift; path = SceneDelegate.swift; sourceTree = "<group>"; };
		4B54E12629DC073B00057675 /* ViewController.swift */ = {isa = PBXFileReference; lastKnownFileType = sourcecode.swift; path = ViewController.swift; sourceTree = "<group>"; };
		4B54E12929DC073B00057675 /* Base */ = {isa = PBXFileReference; lastKnownFileType = file.storyboard; name = Base; path = Base.lproj/Main.storyboard; sourceTree = "<group>"; };
		4B54E12B29DC073C00057675 /* Assets.xcassets */ = {isa = PBXFileReference; lastKnownFileType = folder.assetcatalog; path = Assets.xcassets; sourceTree = "<group>"; };
		4B54E12E29DC073C00057675 /* Base */ = {isa = PBXFileReference; lastKnownFileType = file.storyboard; name = Base; path = Base.lproj/LaunchScreen.storyboard; sourceTree = "<group>"; };
		4B54E13029DC073C00057675 /* Info.plist */ = {isa = PBXFileReference; lastKnownFileType = text.plist.xml; path = Info.plist; sourceTree = "<group>"; };
		4B54E14E29DC097500057675 /* MainPageViewController.swift */ = {isa = PBXFileReference; lastKnownFileType = sourcecode.swift; path = MainPageViewController.swift; sourceTree = "<group>"; };
		4B54E15029DC098600057675 /* LoginViewController.swift */ = {isa = PBXFileReference; lastKnownFileType = sourcecode.swift; path = LoginViewController.swift; sourceTree = "<group>"; };
		4B54E15229DC09A000057675 /* RegistrationViewController.swift */ = {isa = PBXFileReference; lastKnownFileType = sourcecode.swift; path = RegistrationViewController.swift; sourceTree = "<group>"; };
		4B54E15429DC09B900057675 /* ResetPasswordViewController.swift */ = {isa = PBXFileReference; lastKnownFileType = sourcecode.swift; path = ResetPasswordViewController.swift; sourceTree = "<group>"; };
		4B54E15629DC09D500057675 /* HomePageViewController.swift */ = {isa = PBXFileReference; lastKnownFileType = sourcecode.swift; path = HomePageViewController.swift; sourceTree = "<group>"; };
		4B54E15A29DC0A1300057675 /* WithdrawViewController.swift */ = {isa = PBXFileReference; lastKnownFileType = sourcecode.swift; path = WithdrawViewController.swift; sourceTree = "<group>"; };
		4B54E15E29DC0A6C00057675 /* DepositViewController.swift */ = {isa = PBXFileReference; lastKnownFileType = sourcecode.swift; path = DepositViewController.swift; sourceTree = "<group>"; };
		4B54E16029DC0A7F00057675 /* TransactionChartViewController.swift */ = {isa = PBXFileReference; lastKnownFileType = sourcecode.swift; path = TransactionChartViewController.swift; sourceTree = "<group>"; };
		4B54E16229DC0B1600057675 /* OnbordingViewController.swift */ = {isa = PBXFileReference; lastKnownFileType = sourcecode.swift; path = OnbordingViewController.swift; sourceTree = "<group>"; };
		4B54E18229DD379B00057675 /* textWidget.swift */ = {isa = PBXFileReference; lastKnownFileType = sourcecode.swift; path = textWidget.swift; sourceTree = "<group>"; };
		4B54E18529DD54F800057675 /* APIURL.swift */ = {isa = PBXFileReference; lastKnownFileType = sourcecode.swift; path = APIURL.swift; sourceTree = "<group>"; };
		4B54E18729DD567500057675 /* UserRegistrationModule.swift */ = {isa = PBXFileReference; lastKnownFileType = sourcecode.swift; path = UserRegistrationModule.swift; sourceTree = "<group>"; };
		4B54E18C29DD8ECA00057675 /* NetworkViewController.swift */ = {isa = PBXFileReference; lastKnownFileType = sourcecode.swift; path = NetworkViewController.swift; sourceTree = "<group>"; };
		4B54E18E29DD91CC00057675 /* sad.gif */ = {isa = PBXFileReference; lastKnownFileType = image.gif; name = sad.gif; path = ../../../../../../Driver/app/src/main/res/drawable/sad.gif; sourceTree = "<group>"; };
		4B54E19029DD9C2200057675 /* gitGIF.swift */ = {isa = PBXFileReference; lastKnownFileType = sourcecode.swift; path = gitGIF.swift; sourceTree = "<group>"; };
		4B605E1D29E18BE700DF4AE9 /* withdrawTableViewCell.swift */ = {isa = PBXFileReference; lastKnownFileType = sourcecode.swift; path = withdrawTableViewCell.swift; sourceTree = "<group>"; };
		4B605E1E29E18BE700DF4AE9 /* withdrawTableViewCell.xib */ = {isa = PBXFileReference; lastKnownFileType = file.xib; path = withdrawTableViewCell.xib; sourceTree = "<group>"; };
		4B605E2129E1955A00DF4AE9 /* withdrawModel.swift */ = {isa = PBXFileReference; lastKnownFileType = sourcecode.swift; path = withdrawModel.swift; sourceTree = "<group>"; };
		4B837F6C29E2A7420081C22D /* UIEtensions.swift */ = {isa = PBXFileReference; lastKnownFileType = sourcecode.swift; path = UIEtensions.swift; sourceTree = "<group>"; };
		4B837F7029E2B6EF0081C22D /* MenuViewCell.swift */ = {isa = PBXFileReference; lastKnownFileType = sourcecode.swift; path = MenuViewCell.swift; sourceTree = "<group>"; };
		4B837F7129E2B6EF0081C22D /* MenuViewCell.xib */ = {isa = PBXFileReference; lastKnownFileType = file.xib; path = MenuViewCell.xib; sourceTree = "<group>"; };
		4B837F7429E2BA2C0081C22D /* MenuViewController.swift */ = {isa = PBXFileReference; lastKnownFileType = sourcecode.swift; path = MenuViewController.swift; sourceTree = "<group>"; };
		4B837F7629E331DE0081C22D /* OnboardingCollectionViewCell.swift */ = {isa = PBXFileReference; lastKnownFileType = sourcecode.swift; path = OnboardingCollectionViewCell.swift; sourceTree = "<group>"; };
		4B837F8629E3FC360081C22D /* DepositTableViewCell.swift */ = {isa = PBXFileReference; lastKnownFileType = sourcecode.swift; path = DepositTableViewCell.swift; sourceTree = "<group>"; };
		4B837F8729E3FC360081C22D /* DepositTableViewCell.xib */ = {isa = PBXFileReference; lastKnownFileType = file.xib; path = DepositTableViewCell.xib; sourceTree = "<group>"; };
		4B837F8A29E419920081C22D /* RecievedController.swift */ = {isa = PBXFileReference; lastKnownFileType = sourcecode.swift; path = RecievedController.swift; sourceTree = "<group>"; };
		4B837F8C29E41D860081C22D /* RecievedListViewCell.swift */ = {isa = PBXFileReference; lastKnownFileType = sourcecode.swift; path = RecievedListViewCell.swift; sourceTree = "<group>"; };
		4B837F8D29E41D860081C22D /* RecievedListViewCell.xib */ = {isa = PBXFileReference; lastKnownFileType = file.xib; path = RecievedListViewCell.xib; sourceTree = "<group>"; };
		4B987C4129E1D63F000C3C00 /* SentViewCell.swift */ = {isa = PBXFileReference; lastKnownFileType = sourcecode.swift; path = SentViewCell.swift; sourceTree = "<group>"; };
		4B987C4229E1D63F000C3C00 /* SentViewCell.xib */ = {isa = PBXFileReference; lastKnownFileType = file.xib; path = SentViewCell.xib; sourceTree = "<group>"; };
		4B987C4529E1E323000C3C00 /* SendViewController.swift */ = {isa = PBXFileReference; lastKnownFileType = sourcecode.swift; path = SendViewController.swift; sourceTree = "<group>"; };
		4B987C4729E1F7FC000C3C00 /* SendingViewController.swift */ = {isa = PBXFileReference; lastKnownFileType = sourcecode.swift; path = SendingViewController.swift; sourceTree = "<group>"; };
		4B9BEEA929DF121E00D81CC8 /* M_TRANSACTIONS.entitlements */ = {isa = PBXFileReference; lastKnownFileType = text.plist.entitlements; path = M_TRANSACTIONS.entitlements; sourceTree = "<group>"; };
		4B9BEEF929E0024900D81CC8 /* APIMANAGERS.swift */ = {isa = PBXFileReference; lastKnownFileType = sourcecode.swift; path = APIMANAGERS.swift; sourceTree = "<group>"; };
		4B9BEEFB29E0056500D81CC8 /* Constant.swift */ = {isa = PBXFileReference; lastKnownFileType = sourcecode.swift; path = Constant.swift; sourceTree = "<group>"; };
		4B9BEEFD29E00DED00D81CC8 /* Transaction.swift */ = {isa = PBXFileReference; lastKnownFileType = sourcecode.swift; path = Transaction.swift; sourceTree = "<group>"; };
		4BB157EA29F43CBD0063AE6A /* HomeViewController.swift */ = {isa = PBXFileReference; lastKnownFileType = sourcecode.swift; path = HomeViewController.swift; sourceTree = "<group>"; };
		4BC7495729E4AA4700A597DE /* BankDepositViewController.swift */ = {isa = PBXFileReference; lastKnownFileType = sourcecode.swift; path = BankDepositViewController.swift; sourceTree = "<group>"; };
		4BC7495929E4AA6600A597DE /* MTransactionSendViewController.swift */ = {isa = PBXFileReference; lastKnownFileType = sourcecode.swift; path = MTransactionSendViewController.swift; sourceTree = "<group>"; };
		4BC7495B29E4AA8500A597DE /* MpesaDepositViewController.swift */ = {isa = PBXFileReference; lastKnownFileType = sourcecode.swift; path = MpesaDepositViewController.swift; sourceTree = "<group>"; };
		4BC7495D29E4AAA000A597DE /* BankSentViewController.swift */ = {isa = PBXFileReference; lastKnownFileType = sourcecode.swift; path = BankSentViewController.swift; sourceTree = "<group>"; };
		4BC7496229E5222300A597DE /* IncomeChartViewCell.swift */ = {isa = PBXFileReference; lastKnownFileType = sourcecode.swift; path = IncomeChartViewCell.swift; sourceTree = "<group>"; };
		4BC7496329E5222300A597DE /* IncomeChartViewCell.xib */ = {isa = PBXFileReference; lastKnownFileType = file.xib; path = IncomeChartViewCell.xib; sourceTree = "<group>"; };
		4BC7496929E56F5800A597DE /* LZViewPager.swift */ = {isa = PBXFileReference; lastKnownFileType = sourcecode.swift; path = LZViewPager.swift; sourceTree = "<group>"; };
		4BC7496B29E56F7E00A597DE /* LZViewPagerContent.swift */ = {isa = PBXFileReference; lastKnownFileType = sourcecode.swift; path = LZViewPagerContent.swift; sourceTree = "<group>"; };
		4BC7496D29E5703900A597DE /* LZViewPagerHeader.swift */ = {isa = PBXFileReference; lastKnownFileType = sourcecode.swift; path = LZViewPagerHeader.swift; sourceTree = "<group>"; };
		4BC7497229E5721C00A597DE /* M_TRANSACTIONS.app */ = {isa = PBXFileReference; explicitFileType = wrapper.application; includeInIndex = 0; path = M_TRANSACTIONS.app; sourceTree = BUILT_PRODUCTS_DIR; };
		4BC749A629E598B600A597DE /* JSFunctionForAAAxisVC.swift */ = {isa = PBXFileReference; lastKnownFileType = sourcecode.swift; path = JSFunctionForAAAxisVC.swift; sourceTree = "<group>"; };
		4BC749AD29E6DA8600A597DE /* imageBorad1.gif */ = {isa = PBXFileReference; lastKnownFileType = image.gif; name = imageBorad1.gif; path = ../../../../../../mvvm/imageBorad1.gif; sourceTree = "<group>"; };
		4BC749AF29E6EAB900A597DE /* secure.gif */ = {isa = PBXFileReference; lastKnownFileType = image.gif; name = secure.gif; path = ../../../../../../mvvm/secure.gif; sourceTree = "<group>"; };
		4BE286C929E04839000D49A2 /* EndPonts.swift */ = {isa = PBXFileReference; lastKnownFileType = sourcecode.swift; path = EndPonts.swift; sourceTree = "<group>"; };
		4BE286CB29E04914000D49A2 /* UserEndpoint.swift */ = {isa = PBXFileReference; lastKnownFileType = sourcecode.swift; path = UserEndpoint.swift; sourceTree = "<group>"; };
		4BE286CD29E05067000D49A2 /* UserModel.swift */ = {isa = PBXFileReference; lastKnownFileType = sourcecode.swift; path = UserModel.swift; sourceTree = "<group>"; };
		4BE286D129E0524B000D49A2 /* TransactionTableViewCell.swift */ = {isa = PBXFileReference; lastKnownFileType = sourcecode.swift; path = TransactionTableViewCell.swift; sourceTree = "<group>"; };
		4BE286D229E0524B000D49A2 /* TransactionTableViewCell.xib */ = {isa = PBXFileReference; lastKnownFileType = file.xib; path = TransactionTableViewCell.xib; sourceTree = "<group>"; };
		4BE286D529E05290000D49A2 /* TransactionsViewController.swift */ = {isa = PBXFileReference; lastKnownFileType = sourcecode.swift; path = TransactionsViewController.swift; sourceTree = "<group>"; };
		4BE286E129E08A13000D49A2 /* Charts.framework */ = {isa = PBXFileReference; lastKnownFileType = wrapper.framework; name = Charts.framework; path = System/Library/Frameworks/Charts.framework; sourceTree = SDKROOT; };
		4BE286E329E08E13000D49A2 /* IncomeTableViewCell.swift */ = {isa = PBXFileReference; lastKnownFileType = sourcecode.swift; path = IncomeTableViewCell.swift; sourceTree = "<group>"; };
		4BE286E429E08E13000D49A2 /* IncomeTableViewCell.xib */ = {isa = PBXFileReference; lastKnownFileType = file.xib; path = IncomeTableViewCell.xib; sourceTree = "<group>"; };
		4BE286E929E151B3000D49A2 /* addWithdrawViewController.swift */ = {isa = PBXFileReference; lastKnownFileType = sourcecode.swift; path = addWithdrawViewController.swift; sourceTree = "<group>"; };
		4BF0BBE329F53AF300AC902A /* MtransferMenuViewController.swift */ = {isa = PBXFileReference; lastKnownFileType = sourcecode.swift; path = MtransferMenuViewController.swift; sourceTree = "<group>"; };
		4BF0BBE529F53C2F00AC902A /* MtransferTableViewCell.swift */ = {isa = PBXFileReference; lastKnownFileType = sourcecode.swift; path = MtransferTableViewCell.swift; sourceTree = "<group>"; };
		4BF0BBE629F53C2F00AC902A /* MtransferTableViewCell.xib */ = {isa = PBXFileReference; lastKnownFileType = file.xib; path = MtransferTableViewCell.xib; sourceTree = "<group>"; };
		4BF0BBF229F5533A00AC902A /* TableViewController.swift */ = {isa = PBXFileReference; lastKnownFileType = sourcecode.swift; path = TableViewController.swift; sourceTree = "<group>"; };
		4BF0BBF529F55D6900AC902A /* TransferingViewController.swift */ = {isa = PBXFileReference; lastKnownFileType = sourcecode.swift; path = TransferingViewController.swift; sourceTree = "<group>"; };
		4BF0BBF729F55D7900AC902A /* TillPaymentViewController.swift */ = {isa = PBXFileReference; lastKnownFileType = sourcecode.swift; path = TillPaymentViewController.swift; sourceTree = "<group>"; };
		4BF0BBF929F55D8D00AC902A /* PaybillViewController.swift */ = {isa = PBXFileReference; lastKnownFileType = sourcecode.swift; path = PaybillViewController.swift; sourceTree = "<group>"; };
		4BF0BBFB29F55D9C00AC902A /* BankViewController.swift */ = {isa = PBXFileReference; lastKnownFileType = sourcecode.swift; path = BankViewController.swift; sourceTree = "<group>"; };
		5477F601825924268BA35847 /* Pods-M_TRANSACTIONS.debug.xcconfig */ = {isa = PBXFileReference; includeInIndex = 1; lastKnownFileType = text.xcconfig; name = "Pods-M_TRANSACTIONS.debug.xcconfig"; path = "Target Support Files/Pods-M_TRANSACTIONS/Pods-M_TRANSACTIONS.debug.xcconfig"; sourceTree = "<group>"; };
		77A21B0527D90D1200895AEC /* Pods-M_TRANSACTIONS.release.xcconfig */ = {isa = PBXFileReference; includeInIndex = 1; lastKnownFileType = text.xcconfig; name = "Pods-M_TRANSACTIONS.release.xcconfig"; path = "Target Support Files/Pods-M_TRANSACTIONS/Pods-M_TRANSACTIONS.release.xcconfig"; sourceTree = "<group>"; };
/* End PBXFileReference section */

/* Begin PBXFrameworksBuildPhase section */
		4B54E11C29DC073A00057675 /* Frameworks */ = {
			isa = PBXFrameworksBuildPhase;
			buildActionMask = 2147483647;
			files = (
				4BE286E729E13250000D49A2 /* Charts.framework in Frameworks */,
				4BC7499B29E57E8100A597DE /* IQKeyboardManagerSwift in Frameworks */,
				4BC749AA29E67E0E00A597DE /* MBProgressHUD in Frameworks */,
				4BC749A429E5815400A597DE /* Parchment in Frameworks */,
				4BC7499829E57E7500A597DE /* Charts in Frameworks */,
				4BC749A129E57ED900A597DE /* AAInfographics in Frameworks */,
				4BC7499529E57E6800A597DE /* Reachability in Frameworks */,
				4BC7499E29E57EA700A597DE /* SnapKit in Frameworks */,
			);
			runOnlyForDeploymentPostprocessing = 0;
		};
/* End PBXFrameworksBuildPhase section */

/* Begin PBXGroup section */
		453B3F9E4577F56E60225ED0 /* Pods */ = {
			isa = PBXGroup;
			children = (
				5477F601825924268BA35847 /* Pods-M_TRANSACTIONS.debug.xcconfig */,
				77A21B0527D90D1200895AEC /* Pods-M_TRANSACTIONS.release.xcconfig */,
			);
			path = Pods;
			sourceTree = "<group>";
		};
		4B54E11629DC073A00057675 = {
			isa = PBXGroup;
			children = (
				4B54E12129DC073A00057675 /* M_TRANSACTIONS */,
				4BE286E029E08A12000D49A2 /* Frameworks */,
				4BC7497229E5721C00A597DE /* M_TRANSACTIONS.app */,
				453B3F9E4577F56E60225ED0 /* Pods */,
			);
			sourceTree = "<group>";
		};
		4B54E12129DC073A00057675 /* M_TRANSACTIONS */ = {
			isa = PBXGroup;
			children = (
				4BC7496829E56F3A00A597DE /* LZViewPager */,
				4B837F8129E3DFC80081C22D /* storyboard */,
				4B837F6B29E2A7020081C22D /* extension */,
				4B9BEEF829E001D400D81CC8 /* View */,
				4B9BEEA929DF121E00D81CC8 /* M_TRANSACTIONS.entitlements */,
				4B54E19629DE939900057675 /* Utility */,
				4B54E14C29DC093300057675 /* ModelView */,
				4B54E14B29DC092400057675 /* ViewModel */,
				4B54E14A29DC090900057675 /* Model */,
				4B54E12629DC073B00057675 /* ViewController.swift */,
				4B54E12829DC073B00057675 /* Main.storyboard */,
				4B54E12B29DC073C00057675 /* Assets.xcassets */,
				4B54E12D29DC073C00057675 /* LaunchScreen.storyboard */,
				4B54E13029DC073C00057675 /* Info.plist */,
			);
			path = M_TRANSACTIONS;
			sourceTree = "<group>";
		};
		4B54E14A29DC090900057675 /* Model */ = {
			isa = PBXGroup;
			children = (
				4B54E18729DD567500057675 /* UserRegistrationModule.swift */,
				4B9BEEFD29E00DED00D81CC8 /* Transaction.swift */,
				4B605E2129E1955A00DF4AE9 /* withdrawModel.swift */,
			);
			path = Model;
			sourceTree = "<group>";
		};
		4B54E14B29DC092400057675 /* ViewModel */ = {
			isa = PBXGroup;
			children = (
				4B54E18129DD376F00057675 /* TextWidget */,
				4B9BEEF929E0024900D81CC8 /* APIMANAGERS.swift */,
				4BE286CD29E05067000D49A2 /* UserModel.swift */,
			);
			path = ViewModel;
			sourceTree = "<group>";
		};
		4B54E14C29DC093300057675 /* ModelView */ = {
			isa = PBXGroup;
			children = (
				4B54E18429DD54E200057675 /* Constant */,
				4B54E18C29DD8ECA00057675 /* NetworkViewController.swift */,
				4B54E18E29DD91CC00057675 /* sad.gif */,
				4BC749AF29E6EAB900A597DE /* secure.gif */,
			);
			path = ModelView;
			sourceTree = "<group>";
		};
		4B54E18129DD376F00057675 /* TextWidget */ = {
			isa = PBXGroup;
			children = (
				4B54E18229DD379B00057675 /* textWidget.swift */,
			);
			path = TextWidget;
			sourceTree = "<group>";
		};
		4B54E18429DD54E200057675 /* Constant */ = {
			isa = PBXGroup;
			children = (
				4B54E18529DD54F800057675 /* APIURL.swift */,
				4B54E19029DD9C2200057675 /* gitGIF.swift */,
			);
			path = Constant;
			sourceTree = "<group>";
		};
		4B54E19629DE939900057675 /* Utility */ = {
			isa = PBXGroup;
			children = (
				4B9BEEFB29E0056500D81CC8 /* Constant.swift */,
				4BE286C929E04839000D49A2 /* EndPonts.swift */,
				4BE286CB29E04914000D49A2 /* UserEndpoint.swift */,
			);
			path = Utility;
			sourceTree = "<group>";
		};
		4B837F6B29E2A7020081C22D /* extension */ = {
			isa = PBXGroup;
			children = (
				4B837F6C29E2A7420081C22D /* UIEtensions.swift */,
			);
			path = extension;
			sourceTree = "<group>";
		};
		4B837F8129E3DFC80081C22D /* storyboard */ = {
			isa = PBXGroup;
			children = (
				4B54E12429DC073B00057675 /* SceneDelegate.swift */,
				4B54E12229DC073A00057675 /* AppDelegate.swift */,
			);
			path = storyboard;
			sourceTree = "<group>";
		};
		4B9BEEF829E001D400D81CC8 /* View */ = {
			isa = PBXGroup;
			children = (
				4BF0BBF429F55D4A00AC902A /* Payment */,
				4BC749A529E5986700A597DE /* Charts */,
				4B54E14E29DC097500057675 /* MainPageViewController.swift */,
				4B54E15029DC098600057675 /* LoginViewController.swift */,
				4B54E15229DC09A000057675 /* RegistrationViewController.swift */,
				4B54E15429DC09B900057675 /* ResetPasswordViewController.swift */,
				4B54E15629DC09D500057675 /* HomePageViewController.swift */,
				4B54E15A29DC0A1300057675 /* WithdrawViewController.swift */,
				4B54E16029DC0A7F00057675 /* TransactionChartViewController.swift */,
				4B54E15E29DC0A6C00057675 /* DepositViewController.swift */,
				4B54E16229DC0B1600057675 /* OnbordingViewController.swift */,
				4BE286D129E0524B000D49A2 /* TransactionTableViewCell.swift */,
				4BE286D229E0524B000D49A2 /* TransactionTableViewCell.xib */,
				4BE286D529E05290000D49A2 /* TransactionsViewController.swift */,
				4BE286E329E08E13000D49A2 /* IncomeTableViewCell.swift */,
				4BE286E429E08E13000D49A2 /* IncomeTableViewCell.xib */,
				4BE286E929E151B3000D49A2 /* addWithdrawViewController.swift */,
				4B605E1D29E18BE700DF4AE9 /* withdrawTableViewCell.swift */,
				4B605E1E29E18BE700DF4AE9 /* withdrawTableViewCell.xib */,
				4B987C4129E1D63F000C3C00 /* SentViewCell.swift */,
				4B987C4229E1D63F000C3C00 /* SentViewCell.xib */,
				4B987C4529E1E323000C3C00 /* SendViewController.swift */,
				4B987C4729E1F7FC000C3C00 /* SendingViewController.swift */,
				4B837F7029E2B6EF0081C22D /* MenuViewCell.swift */,
				4B837F7129E2B6EF0081C22D /* MenuViewCell.xib */,
				4B837F7429E2BA2C0081C22D /* MenuViewController.swift */,
				4B837F7629E331DE0081C22D /* OnboardingCollectionViewCell.swift */,
				4B837F8629E3FC360081C22D /* DepositTableViewCell.swift */,
				4B837F8729E3FC360081C22D /* DepositTableViewCell.xib */,
				4B837F8A29E419920081C22D /* RecievedController.swift */,
				4B837F8C29E41D860081C22D /* RecievedListViewCell.swift */,
				4B837F8D29E41D860081C22D /* RecievedListViewCell.xib */,
				4BC7495729E4AA4700A597DE /* BankDepositViewController.swift */,
				4BC7495929E4AA6600A597DE /* MTransactionSendViewController.swift */,
				4BC7495B29E4AA8500A597DE /* MpesaDepositViewController.swift */,
				4BC7495D29E4AAA000A597DE /* BankSentViewController.swift */,
				4BC7496229E5222300A597DE /* IncomeChartViewCell.swift */,
				4BC7496329E5222300A597DE /* IncomeChartViewCell.xib */,
				4BB157EA29F43CBD0063AE6A /* HomeViewController.swift */,
				4BF0BBE529F53C2F00AC902A /* MtransferTableViewCell.swift */,
				4BF0BBE629F53C2F00AC902A /* MtransferTableViewCell.xib */,
			);
			path = View;
			sourceTree = "<group>";
		};
		4BC7496829E56F3A00A597DE /* LZViewPager */ = {
			isa = PBXGroup;
			children = (
				4BC749AD29E6DA8600A597DE /* imageBorad1.gif */,
				4BC7496929E56F5800A597DE /* LZViewPager.swift */,
				4BC7496B29E56F7E00A597DE /* LZViewPagerContent.swift */,
				4BC7496D29E5703900A597DE /* LZViewPagerHeader.swift */,
			);
			path = LZViewPager;
			sourceTree = "<group>";
		};
		4BC749A529E5986700A597DE /* Charts */ = {
			isa = PBXGroup;
			children = (
				4BC749A629E598B600A597DE /* JSFunctionForAAAxisVC.swift */,
				4BF0BBE329F53AF300AC902A /* MtransferMenuViewController.swift */,
				4BF0BBF229F5533A00AC902A /* TableViewController.swift */,
			);
			path = Charts;
			sourceTree = "<group>";
		};
		4BE286E029E08A12000D49A2 /* Frameworks */ = {
			isa = PBXGroup;
			children = (
				4BE286E129E08A13000D49A2 /* Charts.framework */,
			);
			name = Frameworks;
			sourceTree = "<group>";
		};
		4BF0BBF429F55D4A00AC902A /* Payment */ = {
			isa = PBXGroup;
			children = (
				4BF0BBF529F55D6900AC902A /* TransferingViewController.swift */,
				4BF0BBF729F55D7900AC902A /* TillPaymentViewController.swift */,
				4BF0BBF929F55D8D00AC902A /* PaybillViewController.swift */,
				4BF0BBFB29F55D9C00AC902A /* BankViewController.swift */,
			);
			path = Payment;
			sourceTree = "<group>";
		};
/* End PBXGroup section */

/* Begin PBXNativeTarget section */
		4B54E11E29DC073A00057675 /* M_TRANSACTIONS */ = {
			isa = PBXNativeTarget;
			buildConfigurationList = 4B54E13329DC073C00057675 /* Build configuration list for PBXNativeTarget "M_TRANSACTIONS" */;
			buildPhases = (
				1169187BA85D923BAADD240F /* [CP] Check Pods Manifest.lock */,
				4B54E11B29DC073A00057675 /* Sources */,
				4B54E11C29DC073A00057675 /* Frameworks */,
				4B54E11D29DC073A00057675 /* Resources */,
			);
			buildRules = (
			);
			dependencies = (
			);
			name = M_TRANSACTIONS;
			packageProductDependencies = (
				4BC7499429E57E6800A597DE /* Reachability */,
				4BC7499729E57E7500A597DE /* Charts */,
				4BC7499A29E57E8100A597DE /* IQKeyboardManagerSwift */,
				4BC7499D29E57EA700A597DE /* SnapKit */,
				4BC749A029E57ED800A597DE /* AAInfographics */,
				4BC749A329E5815400A597DE /* Parchment */,
				4BC749A929E67E0E00A597DE /* MBProgressHUD */,
			);
			productName = M_TRANSACTIONS;
			productReference = 4BC7497229E5721C00A597DE /* M_TRANSACTIONS.app */;
			productType = "com.apple.product-type.application";
		};
/* End PBXNativeTarget section */

/* Begin PBXProject section */
		4B54E11729DC073A00057675 /* Project object */ = {
			isa = PBXProject;
			attributes = {
				BuildIndependentTargetsInParallel = 1;
				LastSwiftUpdateCheck = 1420;
				LastUpgradeCheck = 1420;
				TargetAttributes = {
					4B54E11E29DC073A00057675 = {
						CreatedOnToolsVersion = 14.2;
					};
				};
			};
			buildConfigurationList = 4B54E11A29DC073A00057675 /* Build configuration list for PBXProject "M_TRANSACTIONS" */;
			compatibilityVersion = "Xcode 14.0";
			developmentRegion = en;
			hasScannedForEncodings = 0;
			knownRegions = (
				en,
				Base,
			);
			mainGroup = 4B54E11629DC073A00057675;
			packageReferences = (
				4BC7499329E57E6800A597DE /* XCRemoteSwiftPackageReference "Reachability" */,
				4BC7499629E57E7500A597DE /* XCRemoteSwiftPackageReference "Charts" */,
				4BC7499929E57E8100A597DE /* XCRemoteSwiftPackageReference "IQKeyboardManager" */,
				4BC7499C29E57EA700A597DE /* XCRemoteSwiftPackageReference "SnapKit" */,
				4BC7499F29E57ED800A597DE /* XCRemoteSwiftPackageReference "AAChartKit-Swift" */,
				4BC749A229E5815400A597DE /* XCRemoteSwiftPackageReference "Parchment" */,
				4BC749A829E67E0E00A597DE /* XCRemoteSwiftPackageReference "MBProgressHUD" */,
			);
			productRefGroup = 4B54E11629DC073A00057675;
			projectDirPath = "";
			projectRoot = "";
			targets = (
				4B54E11E29DC073A00057675 /* M_TRANSACTIONS */,
			);
		};
/* End PBXProject section */

/* Begin PBXResourcesBuildPhase section */
		4B54E11D29DC073A00057675 /* Resources */ = {
			isa = PBXResourcesBuildPhase;
			buildActionMask = 2147483647;
			files = (
				4BE286D429E0524B000D49A2 /* TransactionTableViewCell.xib in Resources */,
				4BC749AE29E6DA8700A597DE /* imageBorad1.gif in Resources */,
				4B837F8F29E41D860081C22D /* RecievedListViewCell.xib in Resources */,
				4BC749B029E6EAB900A597DE /* secure.gif in Resources */,
				4B54E12F29DC073C00057675 /* LaunchScreen.storyboard in Resources */,
				4B837F8929E3FC360081C22D /* DepositTableViewCell.xib in Resources */,
				4BC7496529E5222300A597DE /* IncomeChartViewCell.xib in Resources */,
				4B54E12C29DC073C00057675 /* Assets.xcassets in Resources */,
				4B54E12A29DC073B00057675 /* Main.storyboard in Resources */,
				4B605E2029E18BE700DF4AE9 /* withdrawTableViewCell.xib in Resources */,
				4BF0BBE829F53C2F00AC902A /* MtransferTableViewCell.xib in Resources */,
				4BE286E629E08E13000D49A2 /* IncomeTableViewCell.xib in Resources */,
				4B987C4429E1D63F000C3C00 /* SentViewCell.xib in Resources */,
				4B837F7329E2B6EF0081C22D /* MenuViewCell.xib in Resources */,
				4B54E18F29DD91CC00057675 /* sad.gif in Resources */,
			);
			runOnlyForDeploymentPostprocessing = 0;
		};
/* End PBXResourcesBuildPhase section */

/* Begin PBXShellScriptBuildPhase section */
		1169187BA85D923BAADD240F /* [CP] Check Pods Manifest.lock */ = {
			isa = PBXShellScriptBuildPhase;
			buildActionMask = 2147483647;
			files = (
			);
			inputFileListPaths = (
			);
			inputPaths = (
				"${PODS_PODFILE_DIR_PATH}/Podfile.lock",
				"${PODS_ROOT}/Manifest.lock",
			);
			name = "[CP] Check Pods Manifest.lock";
			outputFileListPaths = (
			);
			outputPaths = (
				"$(DERIVED_FILE_DIR)/Pods-M_TRANSACTIONS-checkManifestLockResult.txt",
			);
			runOnlyForDeploymentPostprocessing = 0;
			shellPath = /bin/sh;
			shellScript = "diff \"${PODS_PODFILE_DIR_PATH}/Podfile.lock\" \"${PODS_ROOT}/Manifest.lock\" > /dev/null\nif [ $? != 0 ] ; then\n    # print error to STDERR\n    echo \"error: The sandbox is not in sync with the Podfile.lock. Run 'pod install' or update your CocoaPods installation.\" >&2\n    exit 1\nfi\n# This output is used by Xcode 'outputs' to avoid re-running this script phase.\necho \"SUCCESS\" > \"${SCRIPT_OUTPUT_FILE_0}\"\n";
			showEnvVarsInLog = 0;
		};
/* End PBXShellScriptBuildPhase section */

/* Begin PBXSourcesBuildPhase section */
		4B54E11B29DC073A00057675 /* Sources */ = {
			isa = PBXSourcesBuildPhase;
			buildActionMask = 2147483647;
			files = (
				4BC7496429E5222300A597DE /* IncomeChartViewCell.swift in Sources */,
				4B54E18829DD567500057675 /* UserRegistrationModule.swift in Sources */,
				4B9BEEFC29E0056500D81CC8 /* Constant.swift in Sources */,
				4B837F8E29E41D860081C22D /* RecievedListViewCell.swift in Sources */,
				4BC7496C29E56F7E00A597DE /* LZViewPagerContent.swift in Sources */,
				4BE286CA29E04839000D49A2 /* EndPonts.swift in Sources */,
				4B54E15F29DC0A6C00057675 /* DepositViewController.swift in Sources */,
				4B987C4329E1D63F000C3C00 /* SentViewCell.swift in Sources */,
				4BE286EA29E151B3000D49A2 /* addWithdrawViewController.swift in Sources */,
				4BE286CC29E04914000D49A2 /* UserEndpoint.swift in Sources */,
				4B54E15329DC09A000057675 /* RegistrationViewController.swift in Sources */,
				4B54E14F29DC097500057675 /* MainPageViewController.swift in Sources */,
				4B54E18629DD54F800057675 /* APIURL.swift in Sources */,
				4BC7495A29E4AA6600A597DE /* MTransactionSendViewController.swift in Sources */,
				4BF0BBFC29F55D9C00AC902A /* BankViewController.swift in Sources */,
				4B54E12729DC073B00057675 /* ViewController.swift in Sources */,
				4BF0BBF329F5533A00AC902A /* TableViewController.swift in Sources */,
				4BF0BBF829F55D7900AC902A /* TillPaymentViewController.swift in Sources */,
				4B54E18D29DD8ECA00057675 /* NetworkViewController.swift in Sources */,
				4BC749A729E598B600A597DE /* JSFunctionForAAAxisVC.swift in Sources */,
				4BC7495C29E4AA8500A597DE /* MpesaDepositViewController.swift in Sources */,
				4BC7495829E4AA4700A597DE /* BankDepositViewController.swift in Sources */,
				4BE286CE29E05067000D49A2 /* UserModel.swift in Sources */,
				4B837F7229E2B6EF0081C22D /* MenuViewCell.swift in Sources */,
				4B837F8B29E419920081C22D /* RecievedController.swift in Sources */,
				4B987C4629E1E323000C3C00 /* SendViewController.swift in Sources */,
				4B54E15B29DC0A1300057675 /* WithdrawViewController.swift in Sources */,
				4B54E12329DC073A00057675 /* AppDelegate.swift in Sources */,
				4B837F8829E3FC360081C22D /* DepositTableViewCell.swift in Sources */,
				4B54E15729DC09D500057675 /* HomePageViewController.swift in Sources */,
				4B54E15129DC098600057675 /* LoginViewController.swift in Sources */,
				4BF0BBF629F55D6900AC902A /* TransferingViewController.swift in Sources */,
				4BF0BBE429F53AF300AC902A /* MtransferMenuViewController.swift in Sources */,
				4B605E2229E1955A00DF4AE9 /* withdrawModel.swift in Sources */,
				4BE286D329E0524B000D49A2 /* TransactionTableViewCell.swift in Sources */,
				4B54E16129DC0A7F00057675 /* TransactionChartViewController.swift in Sources */,
				4BE286D629E05290000D49A2 /* TransactionsViewController.swift in Sources */,
				4BC7496E29E5703900A597DE /* LZViewPagerHeader.swift in Sources */,
				4B9BEEFA29E0024900D81CC8 /* APIMANAGERS.swift in Sources */,
				4BC7496A29E56F5800A597DE /* LZViewPager.swift in Sources */,
				4B605E1F29E18BE700DF4AE9 /* withdrawTableViewCell.swift in Sources */,
				4BF0BBE729F53C2F00AC902A /* MtransferTableViewCell.swift in Sources */,
				4BC7495E29E4AAA000A597DE /* BankSentViewController.swift in Sources */,
				4B9BEEFE29E00DED00D81CC8 /* Transaction.swift in Sources */,
				4B54E12529DC073B00057675 /* SceneDelegate.swift in Sources */,
				4B54E15529DC09B900057675 /* ResetPasswordViewController.swift in Sources */,
				4BB157EB29F43CBD0063AE6A /* HomeViewController.swift in Sources */,
				4BE286E529E08E13000D49A2 /* IncomeTableViewCell.swift in Sources */,
				4B837F6D29E2A7420081C22D /* UIEtensions.swift in Sources */,
				4B54E18329DD379B00057675 /* textWidget.swift in Sources */,
				4B837F7529E2BA2C0081C22D /* MenuViewController.swift in Sources */,
				4B987C4829E1F7FC000C3C00 /* SendingViewController.swift in Sources */,
				4B54E16329DC0B1600057675 /* OnbordingViewController.swift in Sources */,
				4B54E19129DD9C2200057675 /* gitGIF.swift in Sources */,
				4B837F7729E331DE0081C22D /* OnboardingCollectionViewCell.swift in Sources */,
				4BF0BBFA29F55D8D00AC902A /* PaybillViewController.swift in Sources */,
			);
			runOnlyForDeploymentPostprocessing = 0;
		};
/* End PBXSourcesBuildPhase section */

/* Begin PBXVariantGroup section */
		4B54E12829DC073B00057675 /* Main.storyboard */ = {
			isa = PBXVariantGroup;
			children = (
				4B54E12929DC073B00057675 /* Base */,
			);
			name = Main.storyboard;
			sourceTree = "<group>";
		};
		4B54E12D29DC073C00057675 /* LaunchScreen.storyboard */ = {
			isa = PBXVariantGroup;
			children = (
				4B54E12E29DC073C00057675 /* Base */,
			);
			name = LaunchScreen.storyboard;
			sourceTree = "<group>";
		};
/* End PBXVariantGroup section */

/* Begin XCBuildConfiguration section */
		4B54E13129DC073C00057675 /* Debug */ = {
			isa = XCBuildConfiguration;
			buildSettings = {
				ALLOW_TARGET_PLATFORM_SPECIALIZATION = YES;
				ALWAYS_SEARCH_USER_PATHS = NO;
				CLANG_ANALYZER_NONNULL = YES;
				CLANG_ANALYZER_NUMBER_OBJECT_CONVERSION = YES_AGGRESSIVE;
				CLANG_CXX_LANGUAGE_STANDARD = "gnu++20";
				CLANG_ENABLE_MODULES = YES;
				CLANG_ENABLE_OBJC_ARC = YES;
				CLANG_ENABLE_OBJC_WEAK = YES;
				CLANG_WARN_BLOCK_CAPTURE_AUTORELEASING = YES;
				CLANG_WARN_BOOL_CONVERSION = YES;
				CLANG_WARN_COMMA = YES;
				CLANG_WARN_CONSTANT_CONVERSION = YES;
				CLANG_WARN_DEPRECATED_OBJC_IMPLEMENTATIONS = YES;
				CLANG_WARN_DIRECT_OBJC_ISA_USAGE = YES_ERROR;
				CLANG_WARN_DOCUMENTATION_COMMENTS = YES;
				CLANG_WARN_EMPTY_BODY = YES;
				CLANG_WARN_ENUM_CONVERSION = YES;
				CLANG_WARN_INFINITE_RECURSION = YES;
				CLANG_WARN_INT_CONVERSION = YES;
				CLANG_WARN_NON_LITERAL_NULL_CONVERSION = YES;
				CLANG_WARN_OBJC_IMPLICIT_RETAIN_SELF = YES;
				CLANG_WARN_OBJC_LITERAL_CONVERSION = YES;
				CLANG_WARN_OBJC_ROOT_CLASS = YES_ERROR;
				CLANG_WARN_QUOTED_INCLUDE_IN_FRAMEWORK_HEADER = YES;
				CLANG_WARN_RANGE_LOOP_ANALYSIS = YES;
				CLANG_WARN_STRICT_PROTOTYPES = YES;
				CLANG_WARN_SUSPICIOUS_MOVE = YES;
				CLANG_WARN_UNGUARDED_AVAILABILITY = YES_AGGRESSIVE;
				CLANG_WARN_UNREACHABLE_CODE = YES;
				CLANG_WARN__DUPLICATE_METHOD_MATCH = YES;
				COPY_PHASE_STRIP = NO;
				DEBUG_INFORMATION_FORMAT = dwarf;
				ENABLE_APP_SANDBOX = YES;
				ENABLE_STRICT_OBJC_MSGSEND = YES;
				ENABLE_TESTABILITY = YES;
				GCC_C_LANGUAGE_STANDARD = gnu11;
				GCC_DYNAMIC_NO_PIC = NO;
				GCC_NO_COMMON_BLOCKS = YES;
				GCC_OPTIMIZATION_LEVEL = 0;
				GCC_PREPROCESSOR_DEFINITIONS = (
					"DEBUG=1",
					"$(inherited)",
				);
				GCC_WARN_64_TO_32_BIT_CONVERSION = YES;
				GCC_WARN_ABOUT_RETURN_TYPE = YES_ERROR;
				GCC_WARN_UNDECLARED_SELECTOR = YES;
				GCC_WARN_UNINITIALIZED_AUTOS = YES_AGGRESSIVE;
				GCC_WARN_UNUSED_FUNCTION = YES;
				GCC_WARN_UNUSED_VARIABLE = YES;
				IPHONEOS_DEPLOYMENT_TARGET = 16.2;
				MTL_ENABLE_DEBUG_INFO = INCLUDE_SOURCE;
				MTL_FAST_MATH = YES;
				ONLY_ACTIVE_ARCH = YES;
				SDKROOT = iphoneos;
				SWIFT_ACTIVE_COMPILATION_CONDITIONS = DEBUG;
				SWIFT_OPTIMIZATION_LEVEL = "-Onone";
			};
			name = Debug;
		};
		4B54E13229DC073C00057675 /* Release */ = {
			isa = XCBuildConfiguration;
			buildSettings = {
				ALLOW_TARGET_PLATFORM_SPECIALIZATION = YES;
				ALWAYS_SEARCH_USER_PATHS = NO;
				CLANG_ANALYZER_NONNULL = YES;
				CLANG_ANALYZER_NUMBER_OBJECT_CONVERSION = YES_AGGRESSIVE;
				CLANG_CXX_LANGUAGE_STANDARD = "gnu++20";
				CLANG_ENABLE_MODULES = YES;
				CLANG_ENABLE_OBJC_ARC = YES;
				CLANG_ENABLE_OBJC_WEAK = YES;
				CLANG_WARN_BLOCK_CAPTURE_AUTORELEASING = YES;
				CLANG_WARN_BOOL_CONVERSION = YES;
				CLANG_WARN_COMMA = YES;
				CLANG_WARN_CONSTANT_CONVERSION = YES;
				CLANG_WARN_DEPRECATED_OBJC_IMPLEMENTATIONS = YES;
				CLANG_WARN_DIRECT_OBJC_ISA_USAGE = YES_ERROR;
				CLANG_WARN_DOCUMENTATION_COMMENTS = YES;
				CLANG_WARN_EMPTY_BODY = YES;
				CLANG_WARN_ENUM_CONVERSION = YES;
				CLANG_WARN_INFINITE_RECURSION = YES;
				CLANG_WARN_INT_CONVERSION = YES;
				CLANG_WARN_NON_LITERAL_NULL_CONVERSION = YES;
				CLANG_WARN_OBJC_IMPLICIT_RETAIN_SELF = YES;
				CLANG_WARN_OBJC_LITERAL_CONVERSION = YES;
				CLANG_WARN_OBJC_ROOT_CLASS = YES_ERROR;
				CLANG_WARN_QUOTED_INCLUDE_IN_FRAMEWORK_HEADER = YES;
				CLANG_WARN_RANGE_LOOP_ANALYSIS = YES;
				CLANG_WARN_STRICT_PROTOTYPES = YES;
				CLANG_WARN_SUSPICIOUS_MOVE = YES;
				CLANG_WARN_UNGUARDED_AVAILABILITY = YES_AGGRESSIVE;
				CLANG_WARN_UNREACHABLE_CODE = YES;
				CLANG_WARN__DUPLICATE_METHOD_MATCH = YES;
				COPY_PHASE_STRIP = NO;
				DEBUG_INFORMATION_FORMAT = "dwarf-with-dsym";
				ENABLE_APP_SANDBOX = YES;
				ENABLE_NS_ASSERTIONS = NO;
				ENABLE_STRICT_OBJC_MSGSEND = YES;
				GCC_C_LANGUAGE_STANDARD = gnu11;
				GCC_NO_COMMON_BLOCKS = YES;
				GCC_WARN_64_TO_32_BIT_CONVERSION = YES;
				GCC_WARN_ABOUT_RETURN_TYPE = YES_ERROR;
				GCC_WARN_UNDECLARED_SELECTOR = YES;
				GCC_WARN_UNINITIALIZED_AUTOS = YES_AGGRESSIVE;
				GCC_WARN_UNUSED_FUNCTION = YES;
				GCC_WARN_UNUSED_VARIABLE = YES;
				IPHONEOS_DEPLOYMENT_TARGET = 16.2;
				MTL_ENABLE_DEBUG_INFO = NO;
				MTL_FAST_MATH = YES;
				SDKROOT = iphoneos;
				SWIFT_COMPILATION_MODE = wholemodule;
				SWIFT_OPTIMIZATION_LEVEL = "-O";
				VALIDATE_PRODUCT = YES;
			};
			name = Release;
		};
		4B54E13429DC073C00057675 /* Debug */ = {
			isa = XCBuildConfiguration;
			baseConfigurationReference = 5477F601825924268BA35847 /* Pods-M_TRANSACTIONS.debug.xcconfig */;
			buildSettings = {
				ASSETCATALOG_COMPILER_APPICON_NAME = AppIcon;
				ASSETCATALOG_COMPILER_GLOBAL_ACCENT_COLOR_NAME = AccentColor;
				CODE_SIGN_ENTITLEMENTS = M_TRANSACTIONS/M_TRANSACTIONS.entitlements;
				CODE_SIGN_STYLE = Automatic;
				CURRENT_PROJECT_VERSION = 1;
				DEVELOPMENT_TEAM = 5N94QCSVC4;
				GENERATE_INFOPLIST_FILE = YES;
				INFOPLIST_FILE = M_TRANSACTIONS/Info.plist;
				INFOPLIST_KEY_UIApplicationSupportsIndirectInputEvents = YES;
				INFOPLIST_KEY_UILaunchStoryboardName = LaunchScreen;
				INFOPLIST_KEY_UIMainStoryboardFile = Main;
				INFOPLIST_KEY_UISupportedInterfaceOrientations_iPad = "UIInterfaceOrientationPortrait UIInterfaceOrientationPortraitUpsideDown UIInterfaceOrientationLandscapeLeft UIInterfaceOrientationLandscapeRight";
				INFOPLIST_KEY_UISupportedInterfaceOrientations_iPhone = "UIInterfaceOrientationPortrait UIInterfaceOrientationLandscapeLeft UIInterfaceOrientationLandscapeRight";
				IPHONEOS_DEPLOYMENT_TARGET = 16.2;
				LD_RUNPATH_SEARCH_PATHS = (
					"$(inherited)",
					"@executable_path/Frameworks",
				);
				MARKETING_VERSION = 1.0;
				PRODUCT_BUNDLE_IDENTIFIER = "eclectics.M-TRANSACTIONS";
				PRODUCT_NAME = "$(TARGET_NAME)";
				SWIFT_EMIT_LOC_STRINGS = YES;
				SWIFT_VERSION = 5.0;
				TARGETED_DEVICE_FAMILY = "1,2";
			};
			name = Debug;
		};
		4B54E13529DC073C00057675 /* Release */ = {
			isa = XCBuildConfiguration;
			baseConfigurationReference = 77A21B0527D90D1200895AEC /* Pods-M_TRANSACTIONS.release.xcconfig */;
			buildSettings = {
				ASSETCATALOG_COMPILER_APPICON_NAME = AppIcon;
				ASSETCATALOG_COMPILER_GLOBAL_ACCENT_COLOR_NAME = AccentColor;
				CODE_SIGN_ENTITLEMENTS = M_TRANSACTIONS/M_TRANSACTIONS.entitlements;
				CODE_SIGN_STYLE = Automatic;
				CURRENT_PROJECT_VERSION = 1;
				DEVELOPMENT_TEAM = 5N94QCSVC4;
				GENERATE_INFOPLIST_FILE = YES;
				INFOPLIST_FILE = M_TRANSACTIONS/Info.plist;
				INFOPLIST_KEY_UIApplicationSupportsIndirectInputEvents = YES;
				INFOPLIST_KEY_UILaunchStoryboardName = LaunchScreen;
				INFOPLIST_KEY_UIMainStoryboardFile = Main;
				INFOPLIST_KEY_UISupportedInterfaceOrientations_iPad = "UIInterfaceOrientationPortrait UIInterfaceOrientationPortraitUpsideDown UIInterfaceOrientationLandscapeLeft UIInterfaceOrientationLandscapeRight";
				INFOPLIST_KEY_UISupportedInterfaceOrientations_iPhone = "UIInterfaceOrientationPortrait UIInterfaceOrientationLandscapeLeft UIInterfaceOrientationLandscapeRight";
				IPHONEOS_DEPLOYMENT_TARGET = 16.2;
				LD_RUNPATH_SEARCH_PATHS = (
					"$(inherited)",
					"@executable_path/Frameworks",
				);
				MARKETING_VERSION = 1.0;
				PRODUCT_BUNDLE_IDENTIFIER = "eclectics.M-TRANSACTIONS";
				PRODUCT_NAME = "$(TARGET_NAME)";
				SWIFT_EMIT_LOC_STRINGS = YES;
				SWIFT_VERSION = 5.0;
				TARGETED_DEVICE_FAMILY = "1,2";
			};
			name = Release;
		};
/* End XCBuildConfiguration section */

/* Begin XCConfigurationList section */
		4B54E11A29DC073A00057675 /* Build configuration list for PBXProject "M_TRANSACTIONS" */ = {
			isa = XCConfigurationList;
			buildConfigurations = (
				4B54E13129DC073C00057675 /* Debug */,
				4B54E13229DC073C00057675 /* Release */,
			);
			defaultConfigurationIsVisible = 0;
			defaultConfigurationName = Release;
		};
		4B54E13329DC073C00057675 /* Build configuration list for PBXNativeTarget "M_TRANSACTIONS" */ = {
			isa = XCConfigurationList;
			buildConfigurations = (
				4B54E13429DC073C00057675 /* Debug */,
				4B54E13529DC073C00057675 /* Release */,
			);
			defaultConfigurationIsVisible = 0;
			defaultConfigurationName = Release;
		};
/* End XCConfigurationList section */

/* Begin XCRemoteSwiftPackageReference section */
		4BC7499329E57E6800A597DE /* XCRemoteSwiftPackageReference "Reachability" */ = {
			isa = XCRemoteSwiftPackageReference;
			repositoryURL = "https://github.com/ashleymills/Reachability.swift";
			requirement = {
				branch = master;
				kind = branch;
			};
		};
		4BC7499629E57E7500A597DE /* XCRemoteSwiftPackageReference "Charts" */ = {
			isa = XCRemoteSwiftPackageReference;
			repositoryURL = "https://github.com/danielgindi/Charts";
			requirement = {
				branch = master;
				kind = branch;
			};
		};
		4BC7499929E57E8100A597DE /* XCRemoteSwiftPackageReference "IQKeyboardManager" */ = {
			isa = XCRemoteSwiftPackageReference;
			repositoryURL = "https://github.com/hackiftekhar/IQKeyboardManager";
			requirement = {
				branch = master;
				kind = branch;
			};
		};
		4BC7499C29E57EA700A597DE /* XCRemoteSwiftPackageReference "SnapKit" */ = {
			isa = XCRemoteSwiftPackageReference;
			repositoryURL = "https://github.com/SnapKit/SnapKit.git";
			requirement = {
				branch = develop;
				kind = branch;
			};
		};
		4BC7499F29E57ED800A597DE /* XCRemoteSwiftPackageReference "AAChartKit-Swift" */ = {
			isa = XCRemoteSwiftPackageReference;
			repositoryURL = "https://github.com/AAChartModel/AAChartKit-Swift.git";
			requirement = {
				branch = master;
				kind = branch;
			};
		};
		4BC749A229E5815400A597DE /* XCRemoteSwiftPackageReference "Parchment" */ = {
			isa = XCRemoteSwiftPackageReference;
			repositoryURL = "https://github.com/rechsteiner/Parchment.git";
			requirement = {
				branch = main;
				kind = branch;
			};
		};
		4BC749A829E67E0E00A597DE /* XCRemoteSwiftPackageReference "MBProgressHUD" */ = {
			isa = XCRemoteSwiftPackageReference;
			repositoryURL = "https://github.com/jdg/MBProgressHUD";
			requirement = {
				branch = master;
				kind = branch;
			};
		};
/* End XCRemoteSwiftPackageReference section */

/* Begin XCSwiftPackageProductDependency section */
		4BC7499429E57E6800A597DE /* Reachability */ = {
			isa = XCSwiftPackageProductDependency;
			package = 4BC7499329E57E6800A597DE /* XCRemoteSwiftPackageReference "Reachability" */;
			productName = Reachability;
		};
		4BC7499729E57E7500A597DE /* Charts */ = {
			isa = XCSwiftPackageProductDependency;
			package = 4BC7499629E57E7500A597DE /* XCRemoteSwiftPackageReference "Charts" */;
			productName = Charts;
		};
		4BC7499A29E57E8100A597DE /* IQKeyboardManagerSwift */ = {
			isa = XCSwiftPackageProductDependency;
			package = 4BC7499929E57E8100A597DE /* XCRemoteSwiftPackageReference "IQKeyboardManager" */;
			productName = IQKeyboardManagerSwift;
		};
		4BC7499D29E57EA700A597DE /* SnapKit */ = {
			isa = XCSwiftPackageProductDependency;
			package = 4BC7499C29E57EA700A597DE /* XCRemoteSwiftPackageReference "SnapKit" */;
			productName = SnapKit;
		};
		4BC749A029E57ED800A597DE /* AAInfographics */ = {
			isa = XCSwiftPackageProductDependency;
			package = 4BC7499F29E57ED800A597DE /* XCRemoteSwiftPackageReference "AAChartKit-Swift" */;
			productName = AAInfographics;
		};
		4BC749A329E5815400A597DE /* Parchment */ = {
			isa = XCSwiftPackageProductDependency;
			package = 4BC749A229E5815400A597DE /* XCRemoteSwiftPackageReference "Parchment" */;
			productName = Parchment;
		};
		4BC749A929E67E0E00A597DE /* MBProgressHUD */ = {
			isa = XCSwiftPackageProductDependency;
			package = 4BC749A829E67E0E00A597DE /* XCRemoteSwiftPackageReference "MBProgressHUD" */;
			productName = MBProgressHUD;
		};
/* End XCSwiftPackageProductDependency section */
	};
	rootObject = 4B54E11729DC073A00057675 /* Project object */;
}
